// !$*UTF8*$!
{
	archiveVersion = 1;
	classes = {
	};
	objectVersion = 56;
	objects = {

/* Begin PBXBuildFile section */
		1A0000102B00000100000001 /* BudgetAppApp.swift in Sources */ = {isa = PBXBuildFile; fileRef = 1A0000002B00000100000001 /* BudgetAppApp.swift */; };
		1A0000112B00000100000001 /* ContentView.swift in Sources */ = {isa = PBXBuildFile; fileRef = 1A0000012B00000100000001 /* ContentView.swift */; };
		1A0000122B00000100000001 /* Income.swift in Sources */ = {isa = PBXBuildFile; fileRef = 1A0000022B00000100000001 /* Income.swift */; };
		1A0000132B00000100000001 /* Expense.swift in Sources */ = {isa = PBXBuildFile; fileRef = 1A0000032B00000100000001 /* Expense.swift */; };
		1A0000142B00000100000001 /* AppSettings.swift in Sources */ = {isa = PBXBuildFile; fileRef = 1A0000042B00000100000001 /* AppSettings.swift */; };
		1A0000152B00000100000001 /* DashboardView.swift in Sources */ = {isa = PBXBuildFile; fileRef = 1A0000052B00000100000001 /* DashboardView.swift */; };
		1A0000162B00000100000001 /* TransactionListView.swift in Sources */ = {isa = PBXBuildFile; fileRef = 1A0000062B00000100000001 /* TransactionListView.swift */; };
		1A0000172B00000100000001 /* AddIncomeView.swift in Sources */ = {isa = PBXBuildFile; fileRef = 1A0000072B00000100000001 /* AddIncomeView.swift */; };
		1A0000182B00000100000001 /* AddExpenseView.swift in Sources */ = {isa = PBXBuildFile; fileRef = 1A0000082B00000100000001 /* AddExpenseView.swift */; };
		1A0000192B00000100000001 /* SettingsView.swift in Sources */ = {isa = PBXBuildFile; fileRef = 1A0000092B00000100000001 /* SettingsView.swift */; };
		1A00001A2B00000100000001 /* DashboardViewModel.swift in Sources */ = {isa = PBXBuildFile; fileRef = 1A00000A2B00000100000001 /* DashboardViewModel.swift */; };
		1A00001B2B00000100000001 /* TransactionsViewModel.swift in Sources */ = {isa = PBXBuildFile; fileRef = 1A00000B2B00000100000001 /* TransactionsViewModel.swift */; };
		1A00001C2B00000100000001 /* AddIncomeViewModel.swift in Sources */ = {isa = PBXBuildFile; fileRef = 1A00000C2B00000100000001 /* AddIncomeViewModel.swift */; };
		1A00001D2B00000100000001 /* AddExpenseViewModel.swift in Sources */ = {isa = PBXBuildFile; fileRef = 1A00000D2B00000100000001 /* AddExpenseViewModel.swift */; };
		1A00001E2B00000100000001 /* SettingsViewModel.swift in Sources */ = {isa = PBXBuildFile; fileRef = 1A00000E2B00000100000001 /* SettingsViewModel.swift */; };
		1A0000202B00000100000001 /* Assets.xcassets in Resources */ = {isa = PBXBuildFile; fileRef = 1A00001F2B00000100000001 /* Assets.xcassets */; };
		1A0000222B00000100000001 /* Preview Assets.xcassets in Resources */ = {isa = PBXBuildFile; fileRef = 1A0000212B00000100000001 /* Preview Assets.xcassets */; };
		1A0000242B00000100000001 /* Info.plist in Resources */ = {isa = PBXBuildFile; fileRef = 1A0000232B00000100000001 /* Info.plist */; };
/* End PBXBuildFile section */

/* Begin PBXFileReference section */
		1A0000002B00000100000001 /* BudgetAppApp.swift */ = {isa = PBXFileReference; lastKnownFileType = sourcecode.swift; path = BudgetAppApp.swift; sourceTree = "<group>"; };
		1A0000012B00000100000001 /* ContentView.swift */ = {isa = PBXFileReference; lastKnownFileType = sourcecode.swift; path = ContentView.swift; sourceTree = "<group>"; };
		1A0000022B00000100000001 /* Income.swift */ = {isa = PBXFileReference; lastKnownFileType = sourcecode.swift; path = Income.swift; sourceTree = "<group>"; };
		1A0000032B00000100000001 /* Expense.swift */ = {isa = PBXFileReference; lastKnownFileType = sourcecode.swift; path = Expense.swift; sourceTree = "<group>"; };
		1A0000042B00000100000001 /* AppSettings.swift */ = {isa = PBXFileReference; lastKnownFileType = sourcecode.swift; path = AppSettings.swift; sourceTree = "<group>"; };
		1A0000052B00000100000001 /* DashboardView.swift */ = {isa = PBXFileReference; lastKnownFileType = sourcecode.swift; path = DashboardView.swift; sourceTree = "<group>"; };
		1A0000062B00000100000001 /* TransactionListView.swift */ = {isa = PBXFileReference; lastKnownFileType = sourcecode.swift; path = TransactionListView.swift; sourceTree = "<group>"; };
		1A0000072B00000100000001 /* AddIncomeView.swift */ = {isa = PBXFileReference; lastKnownFileType = sourcecode.swift; path = AddIncomeView.swift; sourceTree = "<group>"; };
		1A0000082B00000100000001 /* AddExpenseView.swift */ = {isa = PBXFileReference; lastKnownFileType = sourcecode.swift; path = AddExpenseView.swift; sourceTree = "<group>"; };
		1A0000092B00000100000001 /* SettingsView.swift */ = {isa = PBXFileReference; lastKnownFileType = sourcecode.swift; path = SettingsView.swift; sourceTree = "<group>"; };
		1A00000A2B00000100000001 /* DashboardViewModel.swift */ = {isa = PBXFileReference; lastKnownFileType = sourcecode.swift; path = DashboardViewModel.swift; sourceTree = "<group>"; };
		1A00000B2B00000100000001 /* TransactionsViewModel.swift */ = {isa = PBXFileReference; lastKnownFileType = sourcecode.swift; path = TransactionsViewModel.swift; sourceTree = "<group>"; };
		1A00000C2B00000100000001 /* AddIncomeViewModel.swift */ = {isa = PBXFileReference; lastKnownFileType = sourcecode.swift; path = AddIncomeViewModel.swift; sourceTree = "<group>"; };
		1A00000D2B00000100000001 /* AddExpenseViewModel.swift */ = {isa = PBXFileReference; lastKnownFileType = sourcecode.swift; path = AddExpenseViewModel.swift; sourceTree = "<group>"; };
		1A00000E2B00000100000001 /* SettingsViewModel.swift */ = {isa = PBXFileReference; lastKnownFileType = sourcecode.swift; path = SettingsViewModel.swift; sourceTree = "<group>"; };
		1A00001F2B00000100000001 /* Assets.xcassets */ = {isa = PBXFileReference; lastKnownFileType = folder.assetcatalog; path = Assets.xcassets; sourceTree = "<group>"; };
		1A0000212B00000100000001 /* Preview Assets.xcassets */ = {isa = PBXFileReference; lastKnownFileType = folder.assetcatalog; path = "Preview Assets.xcassets"; sourceTree = "<group>"; };
		1A0000232B00000100000001 /* Info.plist */ = {isa = PBXFileReference; lastKnownFileType = text.plist.xml; path = Info.plist; sourceTree = "<group>"; };
		1A0000302B00000100000001 /* BudgetApp.app */ = {isa = PBXFileReference; explicitFileType = wrapper.application; includeInIndex = 0; path = BudgetApp.app; sourceTree = BUILT_PRODUCTS_DIR; };
/* End PBXFileReference section */

/* Begin PBXFrameworksBuildPhase section */
		1A0000402B00000100000001 /* Frameworks */ = {
			isa = PBXFrameworksBuildPhase;
			buildActionMask = 2147483647;
			files = (
			);
			runOnlyForDeploymentPostprocessing = 0;
		};
/* End PBXFrameworksBuildPhase section */

/* Begin PBXGroup section */
		1A0000502B00000100000001 = {
			isa = PBXGroup;
			children = (
				1A0000602B00000100000001 /* BudgetApp */,
				1A0000312B00000100000001 /* Products */,
			);
			sourceTree = "<group>";
		};
		1A0000312B00000100000001 /* Products */ = {
			isa = PBXGroup;
			children = (
				1A0000302B00000100000001 /* BudgetApp.app */,
			);
			name = Products;
			sourceTree = "<group>";
		};
		1A0000602B00000100000001 /* BudgetApp */ = {
			isa = PBXGroup;
			children = (
				1A0000232B00000100000001 /* Info.plist */,
				1A0000702B00000100000001 /* Models */,
				1A0000802B00000100000001 /* ViewModels */,
				1A0000902B00000100000001 /* Views */,
				1A00001F2B00000100000001 /* Assets.xcassets */,
				1A0000A02B00000100000001 /* Preview Content */,
				1A0000002B00000100000001 /* BudgetAppApp.swift */,
				1A0000012B00000100000001 /* ContentView.swift */,
			);
			path = BudgetApp;
			sourceTree = "<group>";
		};
		1A0000702B00000100000001 /* Models */ = {
			isa = PBXGroup;
			children = (
				1A0000022B00000100000001 /* Income.swift */,
				1A0000032B00000100000001 /* Expense.swift */,
				1A0000042B00000100000001 /* AppSettings.swift */,
			);
			path = Models;
			sourceTree = "<group>";
		};
		1A0000802B00000100000001 /* ViewModels */ = {
			isa = PBXGroup;
			children = (
				1A00000A2B00000100000001 /* DashboardViewModel.swift */,
				1A00000B2B00000100000001 /* TransactionsViewModel.swift */,
				1A00000C2B00000100000001 /* AddIncomeViewModel.swift */,
				1A00000D2B00000100000001 /* AddExpenseViewModel.swift */,
				1A00000E2B00000100000001 /* SettingsViewModel.swift */,
			);
			path = ViewModels;
			sourceTree = "<group>";
		};
		1A0000902B00000100000001 /* Views */ = {
			isa = PBXGroup;
			children = (
				1A0000052B00000100000001 /* DashboardView.swift */,
				1A0000062B00000100000001 /* TransactionListView.swift */,
				1A0000072B00000100000001 /* AddIncomeView.swift */,
				1A0000082B00000100000001 /* AddExpenseView.swift */,
				1A0000092B00000100000001 /* SettingsView.swift */,
			);
			path = Views;
			sourceTree = "<group>";
		};
		1A0000A02B00000100000001 /* Preview Content */ = {
			isa = PBXGroup;
			children = (
				1A0000212B00000100000001 /* Preview Assets.xcassets */,
			);
			path = "Preview Content";
			sourceTree = "<group>";
		};
/* End PBXGroup section */

/* Begin PBXNativeTarget section */
		1A0000B02B00000100000001 /* BudgetApp */ = {
			isa = PBXNativeTarget;
			buildConfigurationList = 1A0000E02B00000100000001 /* Build configuration list for PBXNativeTarget "BudgetApp" */;
			buildPhases = (
				1A0000C02B00000100000001 /* Sources */,
				1A0000402B00000100000001 /* Frameworks */,
				1A0000D02B00000100000001 /* Resources */,
			);
			buildRules = (
			);
			dependencies = (
			);
			name = BudgetApp;
			productName = BudgetApp;
			productReference = 1A0000302B00000100000001 /* BudgetApp.app */;
			productType = "com.apple.product-type.application";
		};
/* End PBXNativeTarget section */

/* Begin PBXProject section */
		1A0000F02B00000100000001 /* Project object */ = {
			isa = PBXProject;
			attributes = {
				LastSwiftUpdateCheck = 1500;
				LastUpgradeCheck = 1500;
				TargetAttributes = {
					1A0000B02B00000100000001 = {
						CreatedOnToolsVersion = 15.0;
					};
				};
			};
			buildConfigurationList = 1A0000F12B00000100000001 /* Build configuration list for PBXProject "BudgetApp" */;
			compatibilityVersion = "Xcode 15.0";
			developmentRegion = en;
			hasScannedForEncodings = 0;
			knownRegions = (
				en,
				Base,
			);
			mainGroup = 1A0000502B00000100000001;
			productRefGroup = 1A0000312B00000100000001 /* Products */;
			projectDirPath = "";
			projectRoot = "";
			targets = (
				1A0000B02B00000100000001 /* BudgetApp */,
			);
		};
/* End PBXProject section */

/* Begin PBXResourcesBuildPhase section */
		1A0000D02B00000100000001 /* Resources */ = {
			isa = PBXResourcesBuildPhase;
			buildActionMask = 2147483647;
			files = (
				1A0000202B00000100000001 /* Assets.xcassets in Resources */,
				1A0000242B00000100000001 /* Info.plist in Resources */,
				1A0000222B00000100000001 /* Preview Assets.xcassets in Resources */,
			);
			runOnlyForDeploymentPostprocessing = 0;
		};
/* End PBXResourcesBuildPhase section */

/* Begin PBXSourcesBuildPhase section */
		1A0000C02B00000100000001 /* Sources */ = {
			isa = PBXSourcesBuildPhase;
			buildActionMask = 2147483647;
			files = (
				1A0000102B00000100000001 /* BudgetAppApp.swift in Sources */,
				1A0000112B00000100000001 /* ContentView.swift in Sources */,
				1A0000122B00000100000001 /* Income.swift in Sources */,
				1A0000132B00000100000001 /* Expense.swift in Sources */,
				1A0000142B00000100000001 /* AppSettings.swift in Sources */,
				1A0000152B00000100000001 /* DashboardView.swift in Sources */,
				1A0000162B00000100000001 /* TransactionListView.swift in Sources */,
				1A0000172B00000100000001 /* AddIncomeView.swift in Sources */,
				1A0000182B00000100000001 /* AddExpenseView.swift in Sources */,
				1A0000192B00000100000001 /* SettingsView.swift in Sources */,
				1A00001A2B00000100000001 /* DashboardViewModel.swift in Sources */,
				1A00001B2B00000100000001 /* TransactionsViewModel.swift in Sources */,
				1A00001C2B00000100000001 /* AddIncomeViewModel.swift in Sources */,
				1A00001D2B00000100000001 /* AddExpenseViewModel.swift in Sources */,
				1A00001E2B00000100000001 /* SettingsViewModel.swift in Sources */,
			);
			runOnlyForDeploymentPostprocessing = 0;
		};
/* End PBXSourcesBuildPhase section */

/* Begin XCBuildConfiguration section */
		1A0000G02B00000100000001 /* Debug */ = {
			isa = XCBuildConfiguration;
			buildSettings = {
				ALWAYS_SEARCH_USER_PATHS = NO;
				CLANG_ANALYZER_NONNULL = YES;
				CLANG_ANALYZER_NUMBER_OBJECT_CONVERSION = YES_AGGRESSIVE;
				CLANG_CXX_LANGUAGE_STANDARD = "gnu++20";
				CLANG_ENABLE_MODULES = YES;
				CLANG_ENABLE_OBJC_ARC = YES;
				CLANG_TREAT_WARNINGS_AS_ERRORS = NO;
				CODE_SIGN_STYLE = Automatic;
				CURRENT_PROJECT_VERSION = 1;
				DEVELOPMENT_ASSET_PATHS = "\"BudgetApp/Preview Content\"";
				DEVELOPMENT_TEAM = "";
				ENABLE_PREVIEWS = YES;
				GENERATE_INFOPLIST_FILE = YES;
				INFOPLIST_FILE = BudgetApp/Info.plist;
				IPHONEOS_DEPLOYMENT_TARGET = 17.0;
				LD_RUNPATH_SEARCH_PATHS = (
					"$(inherited)",
					"@executable_path/Frameworks",
				);
				MARKETING_VERSION = 1.0;
				PRODUCT_BUNDLE_IDENTIFIER = com.example.BudgetApp;
				PRODUCT_NAME = "$(TARGET_NAME)";
				SUPPORTED_PLATFORMS = "iphoneos iphonesimulator";
				SWIFT_EMIT_LOC_STRINGS = YES;
				SWIFT_VERSION = 5.0;
				TARGETED_DEVICE_FAMILY = 1;
				ASSETCATALOG_COMPILER_APPICON_NAME = AppIcon;
				ASSETCATALOG_COMPILER_GLOBAL_ACCENT_COLOR_NAME = AccentColor;
				SWIFT_OPTIMIZATION_LEVEL = "-Onone";
			};
			name = Debug;
		};
		1A0000G12B00000100000001 /* Release */ = {
			isa = XCBuildConfiguration;
			buildSettings = {
				ALWAYS_SEARCH_USER_PATHS = NO;
				CLANG_ANALYZER_NONNULL = YES;
				CLANG_ANALYZER_NUMBER_OBJECT_CONVERSION = YES_AGGRESSIVE;
				CLANG_CXX_LANGUAGE_STANDARD = "gnu++20";
				CLANG_ENABLE_MODULES = YES;
				CLANG_ENABLE_OBJC_ARC = YES;
				CLANG_TREAT_WARNINGS_AS_ERRORS = NO;
				CODE_SIGN_STYLE = Automatic;
				CURRENT_PROJECT_VERSION = 1;
				DEVELOPMENT_ASSET_PATHS = "\"BudgetApp/Preview Content\"";
				DEVELOPMENT_TEAM = "";
				ENABLE_PREVIEWS = YES;
				GENERATE_INFOPLIST_FILE = YES;
				INFOPLIST_FILE = BudgetApp/Info.plist;
				IPHONEOS_DEPLOYMENT_TARGET = 17.0;
				LD_RUNPATH_SEARCH_PATHS = (
					"$(inherited)",
					"@executable_path/Frameworks",
				);
				MARKETING_VERSION = 1.0;
				PRODUCT_BUNDLE_IDENTIFIER = com.example.BudgetApp;
				PRODUCT_NAME = "$(TARGET_NAME)";
				SUPPORTED_PLATFORMS = "iphoneos iphonesimulator";
				SWIFT_EMIT_LOC_STRINGS = YES;
				SWIFT_VERSION = 5.0;
				TARGETED_DEVICE_FAMILY = 1;
				ASSETCATALOG_COMPILER_APPICON_NAME = AppIcon;
				ASSETCATALOG_COMPILER_GLOBAL_ACCENT_COLOR_NAME = AccentColor;
			};
			name = Release;
		};
		1A0000E12B00000100000001 /* Debug */ = {
			isa = XCBuildConfiguration;
			buildSettings = {
				ALWAYS_SEARCH_USER_PATHS = NO;
			};
			name = Debug;
		};
		1A0000E22B00000100000001 /* Release */ = {
			isa = XCBuildConfiguration;
			buildSettings = {
				ALWAYS_SEARCH_USER_PATHS = NO;
			};
			name = Release;
		};
/* End XCBuildConfiguration section */

/* Begin XCConfigurationList section */
		1A0000F12B00000100000001 /* Build configuration list for PBXProject "BudgetApp" */ = {
			isa = XCConfigurationList;
			buildConfigurations = (
				1A0000E12B00000100000001 /* Debug */,
				1A0000E22B00000100000001 /* Release */,
			);
			defaultConfigurationIsVisible = 0;
			defaultConfigurationName = Release;
		};
		1A0000E02B00000100000001 /* Build configuration list for PBXNativeTarget "BudgetApp" */ = {
			isa = XCConfigurationList;
			buildConfigurations = (
				1A0000G02B00000100000001 /* Debug */,
				1A0000G12B00000100000001 /* Release */,
			);
			defaultConfigurationIsVisible = 0;
			defaultConfigurationName = Release;
		};
/* End XCConfigurationList section */

	};
	rootObject = 1A0000F02B00000100000001 /* Project object */;
}


